
Microsoft Visual Studio Solution File, Format Version 12.00
# Visual Studio Version 16
VisualStudioVersion = 16.0.29613.14
MinimumVisualStudioVersion = 10.0.40219.1
Project("{FAE04EC0-301F-11D3-BF4B-00C04F79EFBC}") = "DICOMService", "DICOMService\DICOMService.csproj", "{2462FA58-AAAB-4066-A6F3-CF0BA43A7EE4}"
EndProject
Global
	GlobalSection(SolutionConfigurationPlatforms) = preSolution
		Debug|Any CPU = Debug|Any CPU
		Release|Any CPU = Release|Any CPU
	EndGlobalSection
	GlobalSection(ProjectConfigurationPlatforms) = postSolution
		{2462FA58-AAAB-4066-A6F3-CF0BA43A7EE4}.Debug|Any CPU.ActiveCfg = Debug|Any CPU
		{2462FA58-AAAB-4066-A6F3-CF0BA43A7EE4}.Debug|Any CPU.Build.0 = Debug|Any CPU
		{2462FA58-AAAB-4066-A6F3-CF0BA43A7EE4}.Release|Any CPU.ActiveCfg = Release|Any CPU
		{2462FA58-AAAB-4066-A6F3-CF0BA43A7EE4}.Release|Any CPU.Build.0 = Release|Any CPU
	EndGlobalSection
	GlobalSection(SolutionProperties) = preSolution
		HideSolutionNode = FALSE
	EndGlobalSection
	GlobalSection(ExtensibilityGlobals) = postSolution
		SolutionGuid = {0658064A-D11F-41EF-8DA0-728DFBB98843}
	EndGlobalSection
EndGlobal
